{
  "name": "duka-web",
  "version": "0.1.0",
  "lockfileVersion": 3,
  "requires": true,
  "packages": {
    "": {
      "name": "duka-web",
      "version": "0.1.0",
      "dependencies": {
        "snabbdom": "^3.6.0"
      }
    },
    "node_modules/snabbdom": {
      "version": "3.6.4",
      "resolved": "https://registry.npmjs.org/snabbdom/-/snabbdom-3.6.4.tgz",
      "integrity": "sha512-VmxEfuw1/Y/eFj5VtMhYnukExpYiPkNzoo3+N3qwAOUDMl8wXgbli5ebR+j0knE3lZ/0eYskLxNcX64uy10N9w==",
      "license": "MIT",
      "engines": {
        "node": ">=12.17.0"
      }
    }
  }
}
